// !$*UTF8*$!
{
	archiveVersion = 1;
	classes = {
	};
	objectVersion = 55;
	objects = {

/* Begin PBXBuildFile section */
		80EA8C132E13F9D6008218D9 /* AppDelegate.swift in Sources */ = {isa = PBXBuildFile; fileRef = 80EA8C122E13F9D6008218D9 /* AppDelegate.swift */; };
		80EA8C152E13F9D6008218D9 /* SceneDelegate.swift in Sources */ = {isa = PBXBuildFile; fileRef = 80EA8C142E13F9D6008218D9 /* SceneDelegate.swift */; };
		80EA8C172E13F9D6008218D9 /* ViewController.swift in Sources */ = {isa = PBXBuildFile; fileRef = 80EA8C162E13F9D6008218D9 /* ViewController.swift */; };
		80EA8C1A2E13F9D6008218D9 /* Main.storyboard in Resources */ = {isa = PBXBuildFile; fileRef = 80EA8C182E13F9D6008218D9 /* Main.storyboard */; };
		80EA8C1C2E13F9D8008218D9 /* Assets.xcassets in Resources */ = {isa = PBXBuildFile; fileRef = 80EA8C1B2E13F9D8008218D9 /* Assets.xcassets */; };
		80EA8C1F2E13F9D8008218D9 /* LaunchScreen.storyboard in Resources */ = {isa = PBXBuildFile; fileRef = 80EA8C1D2E13F9D8008218D9 /* LaunchScreen.storyboard */; };
		80EA8C2A2E13F9D8008218D9 /* KanboardTests.swift in Sources */ = {isa = PBXBuildFile; fileRef = 80EA8C292E13F9D8008218D9 /* KanboardTests.swift */; };
		80EA8C342E13F9D8008218D9 /* KanboardUITests.swift in Sources */ = {isa = PBXBuildFile; fileRef = 80EA8C332E13F9D8008218D9 /* KanboardUITests.swift */; };
		80EA8C362E13F9D8008218D9 /* KanboardUITestsLaunchTests.swift in Sources */ = {isa = PBXBuildFile; fileRef = 80EA8C352E13F9D8008218D9 /* KanboardUITestsLaunchTests.swift */; };
/* End PBXBuildFile section */

/* Begin PBXContainerItemProxy section */
		80EA8C262E13F9D8008218D9 /* PBXContainerItemProxy */ = {
			isa = PBXContainerItemProxy;
			containerPortal = 80EA8C072E13F9D6008218D9 /* Project object */;
			proxyType = 1;
			remoteGlobalIDString = 80EA8C0E2E13F9D6008218D9;
			remoteInfo = Kanboard;
		};
		80EA8C302E13F9D8008218D9 /* PBXContainerItemProxy */ = {
			isa = PBXContainerItemProxy;
			containerPortal = 80EA8C072E13F9D6008218D9 /* Project object */;
			proxyType = 1;
			remoteGlobalIDString = 80EA8C0E2E13F9D6008218D9;
			remoteInfo = Kanboard;
		};
/* End PBXContainerItemProxy section */

/* Begin PBXFileReference section */
		80EA8C0F2E13F9D6008218D9 /* Kanboard.app */ = {isa = PBXFileReference; explicitFileType = wrapper.application; includeInIndex = 0; path = Kanboard.app; sourceTree = BUILT_PRODUCTS_DIR; };
		80EA8C122E13F9D6008218D9 /* AppDelegate.swift */ = {isa = PBXFileReference; lastKnownFileType = sourcecode.swift; path = AppDelegate.swift; sourceTree = "<group>"; };
		80EA8C142E13F9D6008218D9 /* SceneDelegate.swift */ = {isa = PBXFileReference; lastKnownFileType = sourcecode.swift; path = SceneDelegate.swift; sourceTree = "<group>"; };
		80EA8C162E13F9D6008218D9 /* ViewController.swift */ = {isa = PBXFileReference; lastKnownFileType = sourcecode.swift; path = ViewController.swift; sourceTree = "<group>"; };
		80EA8C192E13F9D6008218D9 /* Base */ = {isa = PBXFileReference; lastKnownFileType = file.storyboard; name = Base; path = Base.lproj/Main.storyboard; sourceTree = "<group>"; };
		80EA8C1B2E13F9D8008218D9 /* Assets.xcassets */ = {isa = PBXFileReference; lastKnownFileType = folder.assetcatalog; path = Assets.xcassets; sourceTree = "<group>"; };
		80EA8C1E2E13F9D8008218D9 /* Base */ = {isa = PBXFileReference; lastKnownFileType = file.storyboard; name = Base; path = Base.lproj/LaunchScreen.storyboard; sourceTree = "<group>"; };
		80EA8C202E13F9D8008218D9 /* Info.plist */ = {isa = PBXFileReference; lastKnownFileType = text.plist.xml; path = Info.plist; sourceTree = "<group>"; };
		80EA8C252E13F9D8008218D9 /* KanboardTests.xctest */ = {isa = PBXFileReference; explicitFileType = wrapper.cfbundle; includeInIndex = 0; path = KanboardTests.xctest; sourceTree = BUILT_PRODUCTS_DIR; };
		80EA8C292E13F9D8008218D9 /* KanboardTests.swift */ = {isa = PBXFileReference; lastKnownFileType = sourcecode.swift; path = KanboardTests.swift; sourceTree = "<group>"; };
		80EA8C2F2E13F9D8008218D9 /* KanboardUITests.xctest */ = {isa = PBXFileReference; explicitFileType = wrapper.cfbundle; includeInIndex = 0; path = KanboardUITests.xctest; sourceTree = BUILT_PRODUCTS_DIR; };
		80EA8C332E13F9D8008218D9 /* KanboardUITests.swift */ = {isa = PBXFileReference; lastKnownFileType = sourcecode.swift; path = KanboardUITests.swift; sourceTree = "<group>"; };
		80EA8C352E13F9D8008218D9 /* KanboardUITestsLaunchTests.swift */ = {isa = PBXFileReference; lastKnownFileType = sourcecode.swift; path = KanboardUITestsLaunchTests.swift; sourceTree = "<group>"; };
/* End PBXFileReference section */

/* Begin PBXFrameworksBuildPhase section */
		80EA8C0C2E13F9D6008218D9 /* Frameworks */ = {
			isa = PBXFrameworksBuildPhase;
			buildActionMask = 2147483647;
			files = (
			);
			runOnlyForDeploymentPostprocessing = 0;
		};
		80EA8C222E13F9D8008218D9 /* Frameworks */ = {
			isa = PBXFrameworksBuildPhase;
			buildActionMask = 2147483647;
			files = (
			);
			runOnlyForDeploymentPostprocessing = 0;
		};
		80EA8C2C2E13F9D8008218D9 /* Frameworks */ = {
			isa = PBXFrameworksBuildPhase;
			buildActionMask = 2147483647;
			files = (
			);
			runOnlyForDeploymentPostprocessing = 0;
		};
/* End PBXFrameworksBuildPhase section */

/* Begin PBXGroup section */
		80EA8C062E13F9D6008218D9 = {
			isa = PBXGroup;
			children = (
				80EA8C112E13F9D6008218D9 /* Kanboard */,
				80EA8C282E13F9D8008218D9 /* KanboardTests */,
				80EA8C322E13F9D8008218D9 /* KanboardUITests */,
				80EA8C102E13F9D6008218D9 /* Products */,
			);
			sourceTree = "<group>";
		};
		80EA8C102E13F9D6008218D9 /* Products */ = {
			isa = PBXGroup;
			children = (
				80EA8C0F2E13F9D6008218D9 /* Kanboard.app */,
				80EA8C252E13F9D8008218D9 /* KanboardTests.xctest */,
				80EA8C2F2E13F9D8008218D9 /* KanboardUITests.xctest */,
			);
			name = Products;
			sourceTree = "<group>";
		};
		80EA8C112E13F9D6008218D9 /* Kanboard */ = {
			isa = PBXGroup;
			children = (
				80EA8C122E13F9D6008218D9 /* AppDelegate.swift */,
				80EA8C142E13F9D6008218D9 /* SceneDelegate.swift */,
				80EA8C162E13F9D6008218D9 /* ViewController.swift */,
				80EA8C182E13F9D6008218D9 /* Main.storyboard */,
				80EA8C1B2E13F9D8008218D9 /* Assets.xcassets */,
				80EA8C1D2E13F9D8008218D9 /* LaunchScreen.storyboard */,
				80EA8C202E13F9D8008218D9 /* Info.plist */,
			);
			path = Kanboard;
			sourceTree = "<group>";
		};
		80EA8C282E13F9D8008218D9 /* KanboardTests */ = {
			isa = PBXGroup;
			children = (
				80EA8C292E13F9D8008218D9 /* KanboardTests.swift */,
			);
			path = KanboardTests;
			sourceTree = "<group>";
		};
		80EA8C322E13F9D8008218D9 /* KanboardUITests */ = {
			isa = PBXGroup;
			children = (
				80EA8C332E13F9D8008218D9 /* KanboardUITests.swift */,
				80EA8C352E13F9D8008218D9 /* KanboardUITestsLaunchTests.swift */,
			);
			path = KanboardUITests;
			sourceTree = "<group>";
		};
/* End PBXGroup section */

/* Begin PBXNativeTarget section */
		80EA8C0E2E13F9D6008218D9 /* Kanboard */ = {
			isa = PBXNativeTarget;
			buildConfigurationList = 80EA8C392E13F9D8008218D9 /* Build configuration list for PBXNativeTarget "Kanboard" */;
			buildPhases = (
				80EA8C0B2E13F9D6008218D9 /* Sources */,
				80EA8C0C2E13F9D6008218D9 /* Frameworks */,
				80EA8C0D2E13F9D6008218D9 /* Resources */,
			);
			buildRules = (
			);
			dependencies = (
			);
			name = Kanboard;
			productName = Kanboard;
			productReference = 80EA8C0F2E13F9D6008218D9 /* Kanboard.app */;
			productType = "com.apple.product-type.application";
		};
		80EA8C242E13F9D8008218D9 /* KanboardTests */ = {
			isa = PBXNativeTarget;
			buildConfigurationList = 80EA8C3C2E13F9D8008218D9 /* Build configuration list for PBXNativeTarget "KanboardTests" */;
			buildPhases = (
				80EA8C212E13F9D8008218D9 /* Sources */,
				80EA8C222E13F9D8008218D9 /* Frameworks */,
				80EA8C232E13F9D8008218D9 /* Resources */,
			);
			buildRules = (
			);
			dependencies = (
				80EA8C272E13F9D8008218D9 /* PBXTargetDependency */,
			);
			name = KanboardTests;
			productName = KanboardTests;
			productReference = 80EA8C252E13F9D8008218D9 /* KanboardTests.xctest */;
			productType = "com.apple.product-type.bundle.unit-test";
		};
		80EA8C2E2E13F9D8008218D9 /* KanboardUITests */ = {
			isa = PBXNativeTarget;
			buildConfigurationList = 80EA8C3F2E13F9D8008218D9 /* Build configuration list for PBXNativeTarget "KanboardUITests" */;
			buildPhases = (
				80EA8C2B2E13F9D8008218D9 /* Sources */,
				80EA8C2C2E13F9D8008218D9 /* Frameworks */,
				80EA8C2D2E13F9D8008218D9 /* Resources */,
			);
			buildRules = (
			);
			dependencies = (
				80EA8C312E13F9D8008218D9 /* PBXTargetDependency */,
			);
			name = KanboardUITests;
			productName = KanboardUITests;
			productReference = 80EA8C2F2E13F9D8008218D9 /* KanboardUITests.xctest */;
			productType = "com.apple.product-type.bundle.ui-testing";
		};
/* End PBXNativeTarget section */

/* Begin PBXProject section */
		80EA8C072E13F9D6008218D9 /* Project object */ = {
			isa = PBXProject;
			attributes = {
				BuildIndependentTargetsInParallel = 1;
				LastSwiftUpdateCheck = 1320;
				LastUpgradeCheck = 1320;
				TargetAttributes = {
					80EA8C0E2E13F9D6008218D9 = {
						CreatedOnToolsVersion = 13.2.1;
					};
					80EA8C242E13F9D8008218D9 = {
						CreatedOnToolsVersion = 13.2.1;
						TestTargetID = 80EA8C0E2E13F9D6008218D9;
					};
					80EA8C2E2E13F9D8008218D9 = {
						CreatedOnToolsVersion = 13.2.1;
						TestTargetID = 80EA8C0E2E13F9D6008218D9;
					};
				};
			};
			buildConfigurationList = 80EA8C0A2E13F9D6008218D9 /* Build configuration list for PBXProject "Kanboard" */;
			compatibilityVersion = "Xcode 13.0";
			developmentRegion = en;
			hasScannedForEncodings = 0;
			knownRegions = (
				en,
				Base,
			);
			mainGroup = 80EA8C062E13F9D6008218D9;
			productRefGroup = 80EA8C102E13F9D6008218D9 /* Products */;
			projectDirPath = "";
			projectRoot = "";
			targets = (
				80EA8C0E2E13F9D6008218D9 /* Kanboard */,
				80EA8C242E13F9D8008218D9 /* KanboardTests */,
				80EA8C2E2E13F9D8008218D9 /* KanboardUITests */,
			);
		};
/* End PBXProject section */

/* Begin PBXResourcesBuildPhase section */
		80EA8C0D2E13F9D6008218D9 /* Resources */ = {
			isa = PBXResourcesBuildPhase;
			buildActionMask = 2147483647;
			files = (
				80EA8C1F2E13F9D8008218D9 /* LaunchScreen.storyboard in Resources */,
				80EA8C1C2E13F9D8008218D9 /* Assets.xcassets in Resources */,
				80EA8C1A2E13F9D6008218D9 /* Main.storyboard in Resources */,
			);
			runOnlyForDeploymentPostprocessing = 0;
		};
		80EA8C232E13F9D8008218D9 /* Resources */ = {
			isa = PBXResourcesBuildPhase;
			buildActionMask = 2147483647;
			files = (
			);
			runOnlyForDeploymentPostprocessing = 0;
		};
		80EA8C2D2E13F9D8008218D9 /* Resources */ = {
			isa = PBXResourcesBuildPhase;
			buildActionMask = 2147483647;
			files = (
			);
			runOnlyForDeploymentPostprocessing = 0;
		};
/* End PBXResourcesBuildPhase section */

/* Begin PBXSourcesBuildPhase section */
		80EA8C0B2E13F9D6008218D9 /* Sources */ = {
			isa = PBXSourcesBuildPhase;
			buildActionMask = 2147483647;
			files = (
				80EA8C172E13F9D6008218D9 /* ViewController.swift in Sources */,
				80EA8C132E13F9D6008218D9 /* AppDelegate.swift in Sources */,
				80EA8C152E13F9D6008218D9 /* SceneDelegate.swift in Sources */,
			);
			runOnlyForDeploymentPostprocessing = 0;
		};
		80EA8C212E13F9D8008218D9 /* Sources */ = {
			isa = PBXSourcesBuildPhase;
			buildActionMask = 2147483647;
			files = (
				80EA8C2A2E13F9D8008218D9 /* KanboardTests.swift in Sources */,
			);
			runOnlyForDeploymentPostprocessing = 0;
		};
		80EA8C2B2E13F9D8008218D9 /* Sources */ = {
			isa = PBXSourcesBuildPhase;
			buildActionMask = 2147483647;
			files = (
				80EA8C362E13F9D8008218D9 /* KanboardUITestsLaunchTests.swift in Sources */,
				80EA8C342E13F9D8008218D9 /* KanboardUITests.swift in Sources */,
			);
			runOnlyForDeploymentPostprocessing = 0;
		};
/* End PBXSourcesBuildPhase section */

/* Begin PBXTargetDependency section */
		80EA8C272E13F9D8008218D9 /* PBXTargetDependency */ = {
			isa = PBXTargetDependency;
			target = 80EA8C0E2E13F9D6008218D9 /* Kanboard */;
			targetProxy = 80EA8C262E13F9D8008218D9 /* PBXContainerItemProxy */;
		};
		80EA8C312E13F9D8008218D9 /* PBXTargetDependency */ = {
			isa = PBXTargetDependency;
			target = 80EA8C0E2E13F9D6008218D9 /* Kanboard */;
			targetProxy = 80EA8C302E13F9D8008218D9 /* PBXContainerItemProxy */;
		};
/* End PBXTargetDependency section */

/* Begin PBXVariantGroup section */
		80EA8C182E13F9D6008218D9 /* Main.storyboard */ = {
			isa = PBXVariantGroup;
			children = (
				80EA8C192E13F9D6008218D9 /* Base */,
			);
			name = Main.storyboard;
			sourceTree = "<group>";
		};
		80EA8C1D2E13F9D8008218D9 /* LaunchScreen.storyboard */ = {
			isa = PBXVariantGroup;
			children = (
				80EA8C1E2E13F9D8008218D9 /* Base */,
			);
			name = LaunchScreen.storyboard;
			sourceTree = "<group>";
		};
/* End PBXVariantGroup section */

/* Begin XCBuildConfiguration section */
		80EA8C372E13F9D8008218D9 /* Debug */ = {
			isa = XCBuildConfiguration;
			buildSettings = {
				ALWAYS_SEARCH_USER_PATHS = NO;
				CLANG_ANALYZER_NONNULL = YES;
				CLANG_ANALYZER_NUMBER_OBJECT_CONVERSION = YES_AGGRESSIVE;
				CLANG_CXX_LANGUAGE_STANDARD = "gnu++17";
				CLANG_CXX_LIBRARY = "libc++";
				CLANG_ENABLE_MODULES = YES;
				CLANG_ENABLE_OBJC_ARC = YES;
				CLANG_ENABLE_OBJC_WEAK = YES;
				CLANG_WARN_BLOCK_CAPTURE_AUTORELEASING = YES;
				CLANG_WARN_BOOL_CONVERSION = YES;
				CLANG_WARN_COMMA = YES;
				CLANG_WARN_CONSTANT_CONVERSION = YES;
				CLANG_WARN_DEPRECATED_OBJC_IMPLEMENTATIONS = YES;
				CLANG_WARN_DIRECT_OBJC_ISA_USAGE = YES_ERROR;
				CLANG_WARN_DOCUMENTATION_COMMENTS = YES;
				CLANG_WARN_EMPTY_BODY = YES;
				CLANG_WARN_ENUM_CONVERSION = YES;
				CLANG_WARN_INFINITE_RECURSION = YES;
				CLANG_WARN_INT_CONVERSION = YES;
				CLANG_WARN_NON_LITERAL_NULL_CONVERSION = YES;
				CLANG_WARN_OBJC_IMPLICIT_RETAIN_SELF = YES;
				CLANG_WARN_OBJC_LITERAL_CONVERSION = YES;
				CLANG_WARN_OBJC_ROOT_CLASS = YES_ERROR;
				CLANG_WARN_QUOTED_INCLUDE_IN_FRAMEWORK_HEADER = YES;
				CLANG_WARN_RANGE_LOOP_ANALYSIS = YES;
				CLANG_WARN_STRICT_PROTOTYPES = YES;
				CLANG_WARN_SUSPICIOUS_MOVE = YES;
				CLANG_WARN_UNGUARDED_AVAILABILITY = YES_AGGRESSIVE;
				CLANG_WARN_UNREACHABLE_CODE = YES;
				CLANG_WARN__DUPLICATE_METHOD_MATCH = YES;
				COPY_PHASE_STRIP = NO;
				DEBUG_INFORMATION_FORMAT = dwarf;
				ENABLE_STRICT_OBJC_MSGSEND = YES;
				ENABLE_TESTABILITY = YES;
				GCC_C_LANGUAGE_STANDARD = gnu11;
				GCC_DYNAMIC_NO_PIC = NO;
				GCC_NO_COMMON_BLOCKS = YES;
				GCC_OPTIMIZATION_LEVEL = 0;
				GCC_PREPROCESSOR_DEFINITIONS = (
					"DEBUG=1",
					"$(inherited)",
				);
				GCC_WARN_64_TO_32_BIT_CONVERSION = YES;
				GCC_WARN_ABOUT_RETURN_TYPE = YES_ERROR;
				GCC_WARN_UNDECLARED_SELECTOR = YES;
				GCC_WARN_UNINITIALIZED_AUTOS = YES_AGGRESSIVE;
				GCC_WARN_UNUSED_FUNCTION = YES;
				GCC_WARN_UNUSED_VARIABLE = YES;
				IPHONEOS_DEPLOYMENT_TARGET = 15.2;
				MTL_ENABLE_DEBUG_INFO = INCLUDE_SOURCE;
				MTL_FAST_MATH = YES;
				ONLY_ACTIVE_ARCH = YES;
				SDKROOT = iphoneos;
				SWIFT_ACTIVE_COMPILATION_CONDITIONS = DEBUG;
				SWIFT_OPTIMIZATION_LEVEL = "-Onone";
			};
			name = Debug;
		};
		80EA8C382E13F9D8008218D9 /* Release */ = {
			isa = XCBuildConfiguration;
			buildSettings = {
				ALWAYS_SEARCH_USER_PATHS = NO;
				CLANG_ANALYZER_NONNULL = YES;
				CLANG_ANALYZER_NUMBER_OBJECT_CONVERSION = YES_AGGRESSIVE;
				CLANG_CXX_LANGUAGE_STANDARD = "gnu++17";
				CLANG_CXX_LIBRARY = "libc++";
				CLANG_ENABLE_MODULES = YES;
				CLANG_ENABLE_OBJC_ARC = YES;
				CLANG_ENABLE_OBJC_WEAK = YES;
				CLANG_WARN_BLOCK_CAPTURE_AUTORELEASING = YES;
				CLANG_WARN_BOOL_CONVERSION = YES;
				CLANG_WARN_COMMA = YES;
				CLANG_WARN_CONSTANT_CONVERSION = YES;
				CLANG_WARN_DEPRECATED_OBJC_IMPLEMENTATIONS = YES;
				CLANG_WARN_DIRECT_OBJC_ISA_USAGE = YES_ERROR;
				CLANG_WARN_DOCUMENTATION_COMMENTS = YES;
				CLANG_WARN_EMPTY_BODY = YES;
				CLANG_WARN_ENUM_CONVERSION = YES;
				CLANG_WARN_INFINITE_RECURSION = YES;
				CLANG_WARN_INT_CONVERSION = YES;
				CLANG_WARN_NON_LITERAL_NULL_CONVERSION = YES;
				CLANG_WARN_OBJC_IMPLICIT_RETAIN_SELF = YES;
				CLANG_WARN_OBJC_LITERAL_CONVERSION = YES;
				CLANG_WARN_OBJC_ROOT_CLASS = YES_ERROR;
				CLANG_WARN_QUOTED_INCLUDE_IN_FRAMEWORK_HEADER = YES;
				CLANG_WARN_RANGE_LOOP_ANALYSIS = YES;
				CLANG_WARN_STRICT_PROTOTYPES = YES;
				CLANG_WARN_SUSPICIOUS_MOVE = YES;
				CLANG_WARN_UNGUARDED_AVAILABILITY = YES_AGGRESSIVE;
				CLANG_WARN_UNREACHABLE_CODE = YES;
				CLANG_WARN__DUPLICATE_METHOD_MATCH = YES;
				COPY_PHASE_STRIP = NO;
				DEBUG_INFORMATION_FORMAT = "dwarf-with-dsym";
				ENABLE_NS_ASSERTIONS = NO;
				ENABLE_STRICT_OBJC_MSGSEND = YES;
				GCC_C_LANGUAGE_STANDARD = gnu11;
				GCC_NO_COMMON_BLOCKS = YES;
				GCC_WARN_64_TO_32_BIT_CONVERSION = YES;
				GCC_WARN_ABOUT_RETURN_TYPE = YES_ERROR;
				GCC_WARN_UNDECLARED_SELECTOR = YES;
				GCC_WARN_UNINITIALIZED_AUTOS = YES_AGGRESSIVE;
				GCC_WARN_UNUSED_FUNCTION = YES;
				GCC_WARN_UNUSED_VARIABLE = YES;
				IPHONEOS_DEPLOYMENT_TARGET = 15.2;
				MTL_ENABLE_DEBUG_INFO = NO;
				MTL_FAST_MATH = YES;
				SDKROOT = iphoneos;
				SWIFT_COMPILATION_MODE = wholemodule;
				SWIFT_OPTIMIZATION_LEVEL = "-O";
				VALIDATE_PRODUCT = YES;
			};
			name = Release;
		};
		80EA8C3A2E13F9D8008218D9 /* Debug */ = {
			isa = XCBuildConfiguration;
			buildSettings = {
				ASSETCATALOG_COMPILER_APPICON_NAME = AppIcon;
				ASSETCATALOG_COMPILER_GLOBAL_ACCENT_COLOR_NAME = AccentColor;
				CODE_SIGN_STYLE = Automatic;
				CURRENT_PROJECT_VERSION = 1;
				DEVELOPMENT_TEAM = 4LC8HYR27L;
				GENERATE_INFOPLIST_FILE = YES;
				INFOPLIST_FILE = Kanboard/Info.plist;
				INFOPLIST_KEY_UIApplicationSupportsIndirectInputEvents = YES;
				INFOPLIST_KEY_UILaunchStoryboardName = LaunchScreen;
				INFOPLIST_KEY_UIMainStoryboardFile = Main;
				INFOPLIST_KEY_UISupportedInterfaceOrientations_iPad = "UIInterfaceOrientationPortrait UIInterfaceOrientationPortraitUpsideDown UIInterfaceOrientationLandscapeLeft UIInterfaceOrientationLandscapeRight";
				INFOPLIST_KEY_UISupportedInterfaceOrientations_iPhone = "UIInterfaceOrientationPortrait UIInterfaceOrientationLandscapeLeft UIInterfaceOrientationLandscapeRight";
				LD_RUNPATH_SEARCH_PATHS = (
					"$(inherited)",
					"@executable_path/Frameworks",
				);
				MARKETING_VERSION = 1.0;
				PRODUCT_BUNDLE_IDENTIFIER = com.chromitsune.Kanboard;
				PRODUCT_NAME = "$(TARGET_NAME)";
				SWIFT_EMIT_LOC_STRINGS = YES;
				SWIFT_VERSION = 5.0;
				TARGETED_DEVICE_FAMILY = "1,2";
			};
			name = Debug;
		};
		80EA8C3B2E13F9D8008218D9 /* Release */ = {
			isa = XCBuildConfiguration;
			buildSettings = {
				ASSETCATALOG_COMPILER_APPICON_NAME = AppIcon;
				ASSETCATALOG_COMPILER_GLOBAL_ACCENT_COLOR_NAME = AccentColor;
				CODE_SIGN_STYLE = Automatic;
				CURRENT_PROJECT_VERSION = 1;
				DEVELOPMENT_TEAM = 4LC8HYR27L;
				GENERATE_INFOPLIST_FILE = YES;
				INFOPLIST_FILE = Kanboard/Info.plist;
				INFOPLIST_KEY_UIApplicationSupportsIndirectInputEvents = YES;
				INFOPLIST_KEY_UILaunchStoryboardName = LaunchScreen;
				INFOPLIST_KEY_UIMainStoryboardFile = Main;
				INFOPLIST_KEY_UISupportedInterfaceOrientations_iPad = "UIInterfaceOrientationPortrait UIInterfaceOrientationPortraitUpsideDown UIInterfaceOrientationLandscapeLeft UIInterfaceOrientationLandscapeRight";
				INFOPLIST_KEY_UISupportedInterfaceOrientations_iPhone = "UIInterfaceOrientationPortrait UIInterfaceOrientationLandscapeLeft UIInterfaceOrientationLandscapeRight";
				LD_RUNPATH_SEARCH_PATHS = (
					"$(inherited)",
					"@executable_path/Frameworks",
				);
				MARKETING_VERSION = 1.0;
				PRODUCT_BUNDLE_IDENTIFIER = com.chromitsune.Kanboard;
				PRODUCT_NAME = "$(TARGET_NAME)";
				SWIFT_EMIT_LOC_STRINGS = YES;
				SWIFT_VERSION = 5.0;
				TARGETED_DEVICE_FAMILY = "1,2";
			};
			name = Release;
		};
		80EA8C3D2E13F9D8008218D9 /* Debug */ = {
			isa = XCBuildConfiguration;
			buildSettings = {
				ALWAYS_EMBED_SWIFT_STANDARD_LIBRARIES = YES;
				BUNDLE_LOADER = "$(TEST_HOST)";
				CODE_SIGN_STYLE = Automatic;
				CURRENT_PROJECT_VERSION = 1;
				DEVELOPMENT_TEAM = 4LC8HYR27L;
				GENERATE_INFOPLIST_FILE = YES;
				IPHONEOS_DEPLOYMENT_TARGET = 15.2;
				MARKETING_VERSION = 1.0;
				PRODUCT_BUNDLE_IDENTIFIER = com.chromitsune.KanboardTests;
				PRODUCT_NAME = "$(TARGET_NAME)";
				SWIFT_EMIT_LOC_STRINGS = NO;
				SWIFT_VERSION = 5.0;
				TARGETED_DEVICE_FAMILY = "1,2";
				TEST_HOST = "$(BUILT_PRODUCTS_DIR)/Kanboard.app/Kanboard";
			};
			name = Debug;
		};
		80EA8C3E2E13F9D8008218D9 /* Release */ = {
			isa = XCBuildConfiguration;
			buildSettings = {
				ALWAYS_EMBED_SWIFT_STANDARD_LIBRARIES = YES;
				BUNDLE_LOADER = "$(TEST_HOST)";
				CODE_SIGN_STYLE = Automatic;
				CURRENT_PROJECT_VERSION = 1;
				DEVELOPMENT_TEAM = 4LC8HYR27L;
				GENERATE_INFOPLIST_FILE = YES;
				IPHONEOS_DEPLOYMENT_TARGET = 15.2;
				MARKETING_VERSION = 1.0;
				PRODUCT_BUNDLE_IDENTIFIER = com.chromitsune.KanboardTests;
				PRODUCT_NAME = "$(TARGET_NAME)";
				SWIFT_EMIT_LOC_STRINGS = NO;
				SWIFT_VERSION = 5.0;
				TARGETED_DEVICE_FAMILY = "1,2";
				TEST_HOST = "$(BUILT_PRODUCTS_DIR)/Kanboard.app/Kanboard";
			};
			name = Release;
		};
		80EA8C402E13F9D8008218D9 /* Debug */ = {
			isa = XCBuildConfiguration;
			buildSettings = {
				ALWAYS_EMBED_SWIFT_STANDARD_LIBRARIES = YES;
				CODE_SIGN_STYLE = Automatic;
				CURRENT_PROJECT_VERSION = 1;
				DEVELOPMENT_TEAM = 4LC8HYR27L;
				GENERATE_INFOPLIST_FILE = YES;
				MARKETING_VERSION = 1.0;
				PRODUCT_BUNDLE_IDENTIFIER = com.chromitsune.KanboardUITests;
				PRODUCT_NAME = "$(TARGET_NAME)";
				SWIFT_EMIT_LOC_STRINGS = NO;
				SWIFT_VERSION = 5.0;
				TARGETED_DEVICE_FAMILY = "1,2";
				TEST_TARGET_NAME = Kanboard;
			};
			name = Debug;
		};
		80EA8C412E13F9D8008218D9 /* Release */ = {
			isa = XCBuildConfiguration;
			buildSettings = {
				ALWAYS_EMBED_SWIFT_STANDARD_LIBRARIES = YES;
				CODE_SIGN_STYLE = Automatic;
				CURRENT_PROJECT_VERSION = 1;
				DEVELOPMENT_TEAM = 4LC8HYR27L;
				GENERATE_INFOPLIST_FILE = YES;
				MARKETING_VERSION = 1.0;
				PRODUCT_BUNDLE_IDENTIFIER = com.chromitsune.KanboardUITests;
				PRODUCT_NAME = "$(TARGET_NAME)";
				SWIFT_EMIT_LOC_STRINGS = NO;
				SWIFT_VERSION = 5.0;
				TARGETED_DEVICE_FAMILY = "1,2";
				TEST_TARGET_NAME = Kanboard;
			};
			name = Release;
		};
/* End XCBuildConfiguration section */

/* Begin XCConfigurationList section */
		80EA8C0A2E13F9D6008218D9 /* Build configuration list for PBXProject "Kanboard" */ = {
			isa = XCConfigurationList;
			buildConfigurations = (
				80EA8C372E13F9D8008218D9 /* Debug */,
				80EA8C382E13F9D8008218D9 /* Release */,
			);
			defaultConfigurationIsVisible = 0;
			defaultConfigurationName = Release;
		};
		80EA8C392E13F9D8008218D9 /* Build configuration list for PBXNativeTarget "Kanboard" */ = {
			isa = XCConfigurationList;
			buildConfigurations = (
				80EA8C3A2E13F9D8008218D9 /* Debug */,
				80EA8C3B2E13F9D8008218D9 /* Release */,
			);
			defaultConfigurationIsVisible = 0;
			defaultConfigurationName = Release;
		};
		80EA8C3C2E13F9D8008218D9 /* Build configuration list for PBXNativeTarget "KanboardTests" */ = {
			isa = XCConfigurationList;
			buildConfigurations = (
				80EA8C3D2E13F9D8008218D9 /* Debug */,
				80EA8C3E2E13F9D8008218D9 /* Release */,
			);
			defaultConfigurationIsVisible = 0;
			defaultConfigurationName = Release;
		};
		80EA8C3F2E13F9D8008218D9 /* Build configuration list for PBXNativeTarget "KanboardUITests" */ = {
			isa = XCConfigurationList;
			buildConfigurations = (
				80EA8C402E13F9D8008218D9 /* Debug */,
				80EA8C412E13F9D8008218D9 /* Release */,
			);
			defaultConfigurationIsVisible = 0;
			defaultConfigurationName = Release;
		};
/* End XCConfigurationList section */
	};
	rootObject = 80EA8C072E13F9D6008218D9 /* Project object */;
}
